
Microsoft Visual Studio Solution File, Format Version 12.00
# Visual Studio Version 16
VisualStudioVersion = 16.0.29306.81
MinimumVisualStudioVersion = 10.0.40219.1
Project("{FAE04EC0-301F-11D3-BF4B-00C04F79EFBC}") = "Lab2", "Lab2\Lab2.csproj", "{82476CB0-31C3-4131-990D-BC028BEA7B1D}"
EndProject
Global
	GlobalSection(SolutionConfigurationPlatforms) = preSolution
		Debug|Any CPU = Debug|Any CPU
		Release|Any CPU = Release|Any CPU
	EndGlobalSection
	GlobalSection(ProjectConfigurationPlatforms) = postSolution
		{82476CB0-31C3-4131-990D-BC028BEA7B1D}.Debug|Any CPU.ActiveCfg = Debug|Any CPU
		{82476CB0-31C3-4131-990D-BC028BEA7B1D}.Debug|Any CPU.Build.0 = Debug|Any CPU
		{82476CB0-31C3-4131-990D-BC028BEA7B1D}.Release|Any CPU.ActiveCfg = Release|Any CPU
		{82476CB0-31C3-4131-990D-BC028BEA7B1D}.Release|Any CPU.Build.0 = Release|Any CPU
	EndGlobalSection
	GlobalSection(SolutionProperties) = preSolution
		HideSolutionNode = FALSE
	EndGlobalSection
	GlobalSection(ExtensibilityGlobals) = postSolution
		SolutionGuid = {807B8F50-180D-4930-BBA0-AFE4F99B1267}
	EndGlobalSection
EndGlobal
